// !$*UTF8*$!
{
	archiveVersion = 1;
	classes = {
	};
	objectVersion = 51;
	objects = {

/* Begin PBXBuildFile section */
		2C4D4D0324A2F73300C031B9 /* bookMenuViewController.swift in Sources */ = {isa = PBXBuildFile; fileRef = 2C4D4D0224A2F73300C031B9 /* bookMenuViewController.swift */; };
		2C88292824C2C86F00B74446 /* resetPasswordViewController.swift in Sources */ = {isa = PBXBuildFile; fileRef = 2C88292724C2C86F00B74446 /* resetPasswordViewController.swift */; };
		2C88292A24C6B80B00B74446 /* listBooksTableViewCell.swift in Sources */ = {isa = PBXBuildFile; fileRef = 2C88292924C6B80B00B74446 /* listBooksTableViewCell.swift */; };
		2C88292E24C9CEA900B74446 /* editInfoBookViewController.swift in Sources */ = {isa = PBXBuildFile; fileRef = 2C88292D24C9CEA900B74446 /* editInfoBookViewController.swift */; };
		2C88293024D2DEED00B74446 /* accountViewController.swift in Sources */ = {isa = PBXBuildFile; fileRef = 2C88292F24D2DEED00B74446 /* accountViewController.swift */; };
		2C88293224D2E30500B74446 /* editAccountViewController.swift in Sources */ = {isa = PBXBuildFile; fileRef = 2C88293124D2E30500B74446 /* editAccountViewController.swift */; };
		2CE04E4024A223C700123629 /* addBooksViewController.swift in Sources */ = {isa = PBXBuildFile; fileRef = 2CE04E3F24A223C700123629 /* addBooksViewController.swift */; };
		2CE04E4224A23D5000123629 /* manageBooksViewController.swift in Sources */ = {isa = PBXBuildFile; fileRef = 2CE04E4124A23D5000123629 /* manageBooksViewController.swift */; };
		2CE04E4424A23E5600123629 /* statisticBooksViewController.swift in Sources */ = {isa = PBXBuildFile; fileRef = 2CE04E4324A23E5600123629 /* statisticBooksViewController.swift */; };
		5C38F3BB24C03B6000AE3D1D /* addNewBorrowingCardViewController.swift in Sources */ = {isa = PBXBuildFile; fileRef = 5C38F3BA24C03B6000AE3D1D /* addNewBorrowingCardViewController.swift */; };
		5C3E6900248FC7D900202CEF /* AppDelegate.swift in Sources */ = {isa = PBXBuildFile; fileRef = 5C3E68FF248FC7D900202CEF /* AppDelegate.swift */; };
		5C3E6902248FC7D900202CEF /* SceneDelegate.swift in Sources */ = {isa = PBXBuildFile; fileRef = 5C3E6901248FC7D900202CEF /* SceneDelegate.swift */; };
		5C3E6904248FC7D900202CEF /* ViewController.swift in Sources */ = {isa = PBXBuildFile; fileRef = 5C3E6903248FC7D900202CEF /* ViewController.swift */; };
		5C3E6907248FC7D900202CEF /* Main.storyboard in Resources */ = {isa = PBXBuildFile; fileRef = 5C3E6905248FC7D900202CEF /* Main.storyboard */; };
		5C3E6909248FC7FB00202CEF /* Assets.xcassets in Resources */ = {isa = PBXBuildFile; fileRef = 5C3E6908248FC7FB00202CEF /* Assets.xcassets */; };
		5C3E690C248FC7FB00202CEF /* LaunchScreen.storyboard in Resources */ = {isa = PBXBuildFile; fileRef = 5C3E690A248FC7FB00202CEF /* LaunchScreen.storyboard */; };
		5C3E6914248FCAF300202CEF /* loginViewController.swift in Sources */ = {isa = PBXBuildFile; fileRef = 5C3E6913248FCAF300202CEF /* loginViewController.swift */; };
		5C3E6916248FCB0600202CEF /* registerViewController.swift in Sources */ = {isa = PBXBuildFile; fileRef = 5C3E6915248FCB0600202CEF /* registerViewController.swift */; };
		5C3E691C248FDDCD00202CEF /* studentMenuViewController.swift in Sources */ = {isa = PBXBuildFile; fileRef = 5C3E691B248FDDCD00202CEF /* studentMenuViewController.swift */; };
		5C3E691E2490B74C00202CEF /* manageStudentsViewController.swift in Sources */ = {isa = PBXBuildFile; fileRef = 5C3E691D2490B74C00202CEF /* manageStudentsViewController.swift */; };
		5C3E69202490BF3D00202CEF /* listStudentsTableViewCell.swift in Sources */ = {isa = PBXBuildFile; fileRef = 5C3E691F2490BF3D00202CEF /* listStudentsTableViewCell.swift */; };
		5C3E69222490D7A000202CEF /* editInfoStudentViewController.swift in Sources */ = {isa = PBXBuildFile; fileRef = 5C3E69212490D7A000202CEF /* editInfoStudentViewController.swift */; };
		5C3E69242490E2DF00202CEF /* listBorrowingCardStudentViewController.swift in Sources */ = {isa = PBXBuildFile; fileRef = 5C3E69232490E2DF00202CEF /* listBorrowingCardStudentViewController.swift */; };
		5C3E69262490ED2C00202CEF /* addStudentsViewController.swift in Sources */ = {isa = PBXBuildFile; fileRef = 5C3E69252490ED2C00202CEF /* addStudentsViewController.swift */; };
		5C3E69282490F3F400202CEF /* statisticStudentsViewController.swift in Sources */ = {isa = PBXBuildFile; fileRef = 5C3E69272490F3F400202CEF /* statisticStudentsViewController.swift */; };
		5C3E692A2490F52300202CEF /* listBorrowingCardsStudentTableViewCell.swift in Sources */ = {isa = PBXBuildFile; fileRef = 5C3E69292490F52300202CEF /* listBorrowingCardsStudentTableViewCell.swift */; };
		5C3E692E249125FA00202CEF /* Class in Resources */ = {isa = PBXBuildFile; fileRef = 5C3E692D249125FA00202CEF /* Class */; };
		5C3E693024AEDC4800202CEF /* GoogleService-Info.plist in Resources */ = {isa = PBXBuildFile; fileRef = 5C3E692F24AEDC4800202CEF /* GoogleService-Info.plist */; };
		5CF10B4424B4D49600D01663 /* Student.swift in Sources */ = {isa = PBXBuildFile; fileRef = 5CF10B4324B4D49600D01663 /* Student.swift */; };
		5CF10B4624B4D4BB00D01663 /* Book.swift in Sources */ = {isa = PBXBuildFile; fileRef = 5CF10B4524B4D4BB00D01663 /* Book.swift */; };
		FFBF45C10977D3C77A8DACE7 /* Pods_libraryManagement.framework in Frameworks */ = {isa = PBXBuildFile; fileRef = 8FF1FE8A742619AA755155A1 /* Pods_libraryManagement.framework */; };
/* End PBXBuildFile section */

/* Begin PBXFileReference section */
		13C6C4CE323954601BA6C248 /* Pods-libraryManagement.release.xcconfig */ = {isa = PBXFileReference; includeInIndex = 1; lastKnownFileType = text.xcconfig; name = "Pods-libraryManagement.release.xcconfig"; path = "Target Support Files/Pods-libraryManagement/Pods-libraryManagement.release.xcconfig"; sourceTree = "<group>"; };
		2C4D4D0224A2F73300C031B9 /* bookMenuViewController.swift */ = {isa = PBXFileReference; lastKnownFileType = sourcecode.swift; path = bookMenuViewController.swift; sourceTree = "<group>"; };
		2C88292724C2C86F00B74446 /* resetPasswordViewController.swift */ = {isa = PBXFileReference; lastKnownFileType = sourcecode.swift; path = resetPasswordViewController.swift; sourceTree = "<group>"; };
		2C88292924C6B80B00B74446 /* listBooksTableViewCell.swift */ = {isa = PBXFileReference; lastKnownFileType = sourcecode.swift; path = listBooksTableViewCell.swift; sourceTree = "<group>"; };
		2C88292D24C9CEA900B74446 /* editInfoBookViewController.swift */ = {isa = PBXFileReference; lastKnownFileType = sourcecode.swift; path = editInfoBookViewController.swift; sourceTree = "<group>"; };
		2C88292F24D2DEED00B74446 /* accountViewController.swift */ = {isa = PBXFileReference; lastKnownFileType = sourcecode.swift; path = accountViewController.swift; sourceTree = "<group>"; };
		2C88293124D2E30500B74446 /* editAccountViewController.swift */ = {isa = PBXFileReference; lastKnownFileType = sourcecode.swift; path = editAccountViewController.swift; sourceTree = "<group>"; };
		2CE04E3F24A223C700123629 /* addBooksViewController.swift */ = {isa = PBXFileReference; lastKnownFileType = sourcecode.swift; path = addBooksViewController.swift; sourceTree = "<group>"; };
		2CE04E4124A23D5000123629 /* manageBooksViewController.swift */ = {isa = PBXFileReference; lastKnownFileType = sourcecode.swift; path = manageBooksViewController.swift; sourceTree = "<group>"; };
		2CE04E4324A23E5600123629 /* statisticBooksViewController.swift */ = {isa = PBXFileReference; lastKnownFileType = sourcecode.swift; path = statisticBooksViewController.swift; sourceTree = "<group>"; };
		5C38F3BA24C03B6000AE3D1D /* addNewBorrowingCardViewController.swift */ = {isa = PBXFileReference; lastKnownFileType = sourcecode.swift; path = addNewBorrowingCardViewController.swift; sourceTree = "<group>"; };
		5C3E68FC248FC7D900202CEF /* libraryManagement.app */ = {isa = PBXFileReference; explicitFileType = wrapper.application; includeInIndex = 0; path = libraryManagement.app; sourceTree = BUILT_PRODUCTS_DIR; };
		5C3E68FF248FC7D900202CEF /* AppDelegate.swift */ = {isa = PBXFileReference; lastKnownFileType = sourcecode.swift; path = AppDelegate.swift; sourceTree = "<group>"; };
		5C3E6901248FC7D900202CEF /* SceneDelegate.swift */ = {isa = PBXFileReference; lastKnownFileType = sourcecode.swift; path = SceneDelegate.swift; sourceTree = "<group>"; };
		5C3E6903248FC7D900202CEF /* ViewController.swift */ = {isa = PBXFileReference; lastKnownFileType = sourcecode.swift; path = ViewController.swift; sourceTree = "<group>"; };
		5C3E6906248FC7D900202CEF /* Base */ = {isa = PBXFileReference; lastKnownFileType = file.storyboard; name = Base; path = Base.lproj/Main.storyboard; sourceTree = "<group>"; };
		5C3E6908248FC7FB00202CEF /* Assets.xcassets */ = {isa = PBXFileReference; lastKnownFileType = folder.assetcatalog; path = Assets.xcassets; sourceTree = "<group>"; };
		5C3E690B248FC7FB00202CEF /* Base */ = {isa = PBXFileReference; lastKnownFileType = file.storyboard; name = Base; path = Base.lproj/LaunchScreen.storyboard; sourceTree = "<group>"; };
		5C3E690D248FC7FB00202CEF /* Info.plist */ = {isa = PBXFileReference; lastKnownFileType = text.plist.xml; path = Info.plist; sourceTree = "<group>"; };
		5C3E6913248FCAF300202CEF /* loginViewController.swift */ = {isa = PBXFileReference; lastKnownFileType = sourcecode.swift; path = loginViewController.swift; sourceTree = "<group>"; };
		5C3E6915248FCB0600202CEF /* registerViewController.swift */ = {isa = PBXFileReference; lastKnownFileType = sourcecode.swift; path = registerViewController.swift; sourceTree = "<group>"; };
		5C3E691B248FDDCD00202CEF /* studentMenuViewController.swift */ = {isa = PBXFileReference; lastKnownFileType = sourcecode.swift; path = studentMenuViewController.swift; sourceTree = "<group>"; };
		5C3E691D2490B74C00202CEF /* manageStudentsViewController.swift */ = {isa = PBXFileReference; lastKnownFileType = sourcecode.swift; path = manageStudentsViewController.swift; sourceTree = "<group>"; };
		5C3E691F2490BF3D00202CEF /* listStudentsTableViewCell.swift */ = {isa = PBXFileReference; lastKnownFileType = sourcecode.swift; path = listStudentsTableViewCell.swift; sourceTree = "<group>"; };
		5C3E69212490D7A000202CEF /* editInfoStudentViewController.swift */ = {isa = PBXFileReference; lastKnownFileType = sourcecode.swift; path = editInfoStudentViewController.swift; sourceTree = "<group>"; };
		5C3E69232490E2DF00202CEF /* listBorrowingCardStudentViewController.swift */ = {isa = PBXFileReference; lastKnownFileType = sourcecode.swift; path = listBorrowingCardStudentViewController.swift; sourceTree = "<group>"; };
		5C3E69252490ED2C00202CEF /* addStudentsViewController.swift */ = {isa = PBXFileReference; lastKnownFileType = sourcecode.swift; path = addStudentsViewController.swift; sourceTree = "<group>"; };
		5C3E69272490F3F400202CEF /* statisticStudentsViewController.swift */ = {isa = PBXFileReference; lastKnownFileType = sourcecode.swift; path = statisticStudentsViewController.swift; sourceTree = "<group>"; };
		5C3E69292490F52300202CEF /* listBorrowingCardsStudentTableViewCell.swift */ = {isa = PBXFileReference; lastKnownFileType = sourcecode.swift; path = listBorrowingCardsStudentTableViewCell.swift; sourceTree = "<group>"; };
		5C3E692D249125FA00202CEF /* Class */ = {isa = PBXFileReference; lastKnownFileType = folder; path = Class; sourceTree = "<group>"; };
		5C3E692F24AEDC4800202CEF /* GoogleService-Info.plist */ = {isa = PBXFileReference; fileEncoding = 4; lastKnownFileType = text.plist.xml; path = "GoogleService-Info.plist"; sourceTree = "<group>"; };
		5CF10B4324B4D49600D01663 /* Student.swift */ = {isa = PBXFileReference; lastKnownFileType = sourcecode.swift; path = Student.swift; sourceTree = "<group>"; };
		5CF10B4524B4D4BB00D01663 /* Book.swift */ = {isa = PBXFileReference; lastKnownFileType = sourcecode.swift; path = Book.swift; sourceTree = "<group>"; };
		8FF1FE8A742619AA755155A1 /* Pods_libraryManagement.framework */ = {isa = PBXFileReference; explicitFileType = wrapper.framework; includeInIndex = 0; path = Pods_libraryManagement.framework; sourceTree = BUILT_PRODUCTS_DIR; };
		BF797A93798CA147B82445E8 /* Pods-libraryManagement.debug.xcconfig */ = {isa = PBXFileReference; includeInIndex = 1; lastKnownFileType = text.xcconfig; name = "Pods-libraryManagement.debug.xcconfig"; path = "Target Support Files/Pods-libraryManagement/Pods-libraryManagement.debug.xcconfig"; sourceTree = "<group>"; };
/* End PBXFileReference section */

/* Begin PBXFrameworksBuildPhase section */
		5C3E68F9248FC7D900202CEF /* Frameworks */ = {
			isa = PBXFrameworksBuildPhase;
			buildActionMask = 2147483647;
			files = (
				FFBF45C10977D3C77A8DACE7 /* Pods_libraryManagement.framework in Frameworks */,
			);
			runOnlyForDeploymentPostprocessing = 0;
		};
/* End PBXFrameworksBuildPhase section */

/* Begin PBXGroup section */
		5C3E68F3248FC7D900202CEF = {
			isa = PBXGroup;
			children = (
				5CF10B4224B4D47300D01663 /* New Group */,
				5C3E692D249125FA00202CEF /* Class */,
				5C3E68FE248FC7D900202CEF /* libraryManagement */,
				5C3E68FD248FC7D900202CEF /* Products */,
				C3D363BEBEE813E91E47CEAC /* Pods */,
				D28CCB2A4FBB450C8BF5EBE8 /* Frameworks */,
			);
			sourceTree = "<group>";
		};
		5C3E68FD248FC7D900202CEF /* Products */ = {
			isa = PBXGroup;
			children = (
				5C3E68FC248FC7D900202CEF /* libraryManagement.app */,
			);
			name = Products;
			sourceTree = "<group>";
		};
		5C3E68FE248FC7D900202CEF /* libraryManagement */ = {
			isa = PBXGroup;
			children = (
				5C3E692F24AEDC4800202CEF /* GoogleService-Info.plist */,
				5C3E68FF248FC7D900202CEF /* AppDelegate.swift */,
				5C3E6901248FC7D900202CEF /* SceneDelegate.swift */,
				5C3E6903248FC7D900202CEF /* ViewController.swift */,
				5C3E6905248FC7D900202CEF /* Main.storyboard */,
				5C3E69252490ED2C00202CEF /* addStudentsViewController.swift */,
				5C3E69212490D7A000202CEF /* editInfoStudentViewController.swift */,
				5C3E6913248FCAF300202CEF /* loginViewController.swift */,
				5C3E6915248FCB0600202CEF /* registerViewController.swift */,
				5C3E691B248FDDCD00202CEF /* studentMenuViewController.swift */,
				5C3E691D2490B74C00202CEF /* manageStudentsViewController.swift */,
				5C3E691F2490BF3D00202CEF /* listStudentsTableViewCell.swift */,
				5C3E69232490E2DF00202CEF /* listBorrowingCardStudentViewController.swift */,
				5C3E69292490F52300202CEF /* listBorrowingCardsStudentTableViewCell.swift */,
				5C38F3BA24C03B6000AE3D1D /* addNewBorrowingCardViewController.swift */,
				5C3E69272490F3F400202CEF /* statisticStudentsViewController.swift */,
				5C3E6908248FC7FB00202CEF /* Assets.xcassets */,
				5C3E690A248FC7FB00202CEF /* LaunchScreen.storyboard */,
				5C3E690D248FC7FB00202CEF /* Info.plist */,
				2C4D4D0224A2F73300C031B9 /* bookMenuViewController.swift */,
				2CE04E3F24A223C700123629 /* addBooksViewController.swift */,
				2CE04E4124A23D5000123629 /* manageBooksViewController.swift */,
				2C88292924C6B80B00B74446 /* listBooksTableViewCell.swift */,
				2CE04E4324A23E5600123629 /* statisticBooksViewController.swift */,
				2C88292724C2C86F00B74446 /* resetPasswordViewController.swift */,
				2C88292D24C9CEA900B74446 /* editInfoBookViewController.swift */,
				2C88292F24D2DEED00B74446 /* accountViewController.swift */,
				2C88293124D2E30500B74446 /* editAccountViewController.swift */,
			);
			path = libraryManagement;
			sourceTree = "<group>";
		};
		5CF10B4224B4D47300D01663 /* New Group */ = {
			isa = PBXGroup;
			children = (
				5CF10B4324B4D49600D01663 /* Student.swift */,
				5CF10B4524B4D4BB00D01663 /* Book.swift */,
			);
			path = "New Group";
			sourceTree = "<group>";
		};
		C3D363BEBEE813E91E47CEAC /* Pods */ = {
			isa = PBXGroup;
			children = (
				BF797A93798CA147B82445E8 /* Pods-libraryManagement.debug.xcconfig */,
				13C6C4CE323954601BA6C248 /* Pods-libraryManagement.release.xcconfig */,
			);
			path = Pods;
			sourceTree = "<group>";
		};
		D28CCB2A4FBB450C8BF5EBE8 /* Frameworks */ = {
			isa = PBXGroup;
			children = (
				8FF1FE8A742619AA755155A1 /* Pods_libraryManagement.framework */,
			);
			name = Frameworks;
			sourceTree = "<group>";
		};
/* End PBXGroup section */

/* Begin PBXNativeTarget section */
		5C3E68FB248FC7D900202CEF /* libraryManagement */ = {
			isa = PBXNativeTarget;
			buildConfigurationList = 5C3E6910248FC7FB00202CEF /* Build configuration list for PBXNativeTarget "libraryManagement" */;
			buildPhases = (
				3F341EAB32E141E69F7DE835 /* [CP] Check Pods Manifest.lock */,
				5C3E68F8248FC7D900202CEF /* Sources */,
				5C3E68F9248FC7D900202CEF /* Frameworks */,
				5C3E68FA248FC7D900202CEF /* Resources */,
				AB70D79DD802DD9CC663C86A /* [CP] Embed Pods Frameworks */,
			);
			buildRules = (
			);
			dependencies = (
			);
			name = libraryManagement;
			productName = libraryManagement;
			productReference = 5C3E68FC248FC7D900202CEF /* libraryManagement.app */;
			productType = "com.apple.product-type.application";
		};
/* End PBXNativeTarget section */

/* Begin PBXProject section */
		5C3E68F4248FC7D900202CEF /* Project object */ = {
			isa = PBXProject;
			attributes = {
				LastSwiftUpdateCheck = 1140;
				LastUpgradeCheck = 1140;
				ORGANIZATIONNAME = "HD team";
				TargetAttributes = {
					5C3E68FB248FC7D900202CEF = {
						CreatedOnToolsVersion = 11.4.1;
					};
				};
			};
			buildConfigurationList = 5C3E68F7248FC7D900202CEF /* Build configuration list for PBXProject "libraryManagement" */;
			compatibilityVersion = "Xcode 9.3";
			developmentRegion = en;
			hasScannedForEncodings = 0;
			knownRegions = (
				en,
				Base,
			);
			mainGroup = 5C3E68F3248FC7D900202CEF;
			productRefGroup = 5C3E68FD248FC7D900202CEF /* Products */;
			projectDirPath = "";
			projectRoot = "";
			targets = (
				5C3E68FB248FC7D900202CEF /* libraryManagement */,
			);
		};
/* End PBXProject section */

/* Begin PBXResourcesBuildPhase section */
		5C3E68FA248FC7D900202CEF /* Resources */ = {
			isa = PBXResourcesBuildPhase;
			buildActionMask = 2147483647;
			files = (
				5C3E690C248FC7FB00202CEF /* LaunchScreen.storyboard in Resources */,
				5C3E6909248FC7FB00202CEF /* Assets.xcassets in Resources */,
				5C3E693024AEDC4800202CEF /* GoogleService-Info.plist in Resources */,
				5C3E6907248FC7D900202CEF /* Main.storyboard in Resources */,
				5C3E692E249125FA00202CEF /* Class in Resources */,
			);
			runOnlyForDeploymentPostprocessing = 0;
		};
/* End PBXResourcesBuildPhase section */

/* Begin PBXShellScriptBuildPhase section */
		3F341EAB32E141E69F7DE835 /* [CP] Check Pods Manifest.lock */ = {
			isa = PBXShellScriptBuildPhase;
			buildActionMask = 2147483647;
			files = (
			);
			inputFileListPaths = (
			);
			inputPaths = (
				"${PODS_PODFILE_DIR_PATH}/Podfile.lock",
				"${PODS_ROOT}/Manifest.lock",
			);
			name = "[CP] Check Pods Manifest.lock";
			outputFileListPaths = (
			);
			outputPaths = (
				"$(DERIVED_FILE_DIR)/Pods-libraryManagement-checkManifestLockResult.txt",
			);
			runOnlyForDeploymentPostprocessing = 0;
			shellPath = /bin/sh;
			shellScript = "diff \"${PODS_PODFILE_DIR_PATH}/Podfile.lock\" \"${PODS_ROOT}/Manifest.lock\" > /dev/null\nif [ $? != 0 ] ; then\n    # print error to STDERR\n    echo \"error: The sandbox is not in sync with the Podfile.lock. Run 'pod install' or update your CocoaPods installation.\" >&2\n    exit 1\nfi\n# This output is used by Xcode 'outputs' to avoid re-running this script phase.\necho \"SUCCESS\" > \"${SCRIPT_OUTPUT_FILE_0}\"\n";
			showEnvVarsInLog = 0;
		};
		AB70D79DD802DD9CC663C86A /* [CP] Embed Pods Frameworks */ = {
			isa = PBXShellScriptBuildPhase;
			buildActionMask = 2147483647;
			files = (
			);
			inputFileListPaths = (
				"${PODS_ROOT}/Target Support Files/Pods-libraryManagement/Pods-libraryManagement-frameworks-${CONFIGURATION}-input-files.xcfilelist",
			);
			name = "[CP] Embed Pods Frameworks";
			outputFileListPaths = (
				"${PODS_ROOT}/Target Support Files/Pods-libraryManagement/Pods-libraryManagement-frameworks-${CONFIGURATION}-output-files.xcfilelist",
			);
			runOnlyForDeploymentPostprocessing = 0;
			shellPath = /bin/sh;
			shellScript = "\"${PODS_ROOT}/Target Support Files/Pods-libraryManagement/Pods-libraryManagement-frameworks.sh\"\n";
			showEnvVarsInLog = 0;
		};
/* End PBXShellScriptBuildPhase section */

/* Begin PBXSourcesBuildPhase section */
		5C3E68F8248FC7D900202CEF /* Sources */ = {
			isa = PBXSourcesBuildPhase;
			buildActionMask = 2147483647;
			files = (
				5C3E6914248FCAF300202CEF /* loginViewController.swift in Sources */,
				2C88292E24C9CEA900B74446 /* editInfoBookViewController.swift in Sources */,
				2C88293024D2DEED00B74446 /* accountViewController.swift in Sources */,
				5C3E692A2490F52300202CEF /* listBorrowingCardsStudentTableViewCell.swift in Sources */,
				5C3E6904248FC7D900202CEF /* ViewController.swift in Sources */,
				5C38F3BB24C03B6000AE3D1D /* addNewBorrowingCardViewController.swift in Sources */,
				5C3E6900248FC7D900202CEF /* AppDelegate.swift in Sources */,
				5C3E69202490BF3D00202CEF /* listStudentsTableViewCell.swift in Sources */,
				2C88292824C2C86F00B74446 /* resetPasswordViewController.swift in Sources */,
				5C3E691C248FDDCD00202CEF /* studentMenuViewController.swift in Sources */,
				5C3E69282490F3F400202CEF /* statisticStudentsViewController.swift in Sources */,
				5C3E69262490ED2C00202CEF /* addStudentsViewController.swift in Sources */,
				2C88292A24C6B80B00B74446 /* listBooksTableViewCell.swift in Sources */,
				5C3E691E2490B74C00202CEF /* manageStudentsViewController.swift in Sources */,
				2CE04E4224A23D5000123629 /* manageBooksViewController.swift in Sources */,
				2C88293224D2E30500B74446 /* editAccountViewController.swift in Sources */,
				2CE04E4424A23E5600123629 /* statisticBooksViewController.swift in Sources */,
				5CF10B4624B4D4BB00D01663 /* Book.swift in Sources */,
				5C3E6916248FCB0600202CEF /* registerViewController.swift in Sources */,
				5C3E69222490D7A000202CEF /* editInfoStudentViewController.swift in Sources */,
				5CF10B4424B4D49600D01663 /* Student.swift in Sources */,
				5C3E69242490E2DF00202CEF /* listBorrowingCardStudentViewController.swift in Sources */,
				5C3E6902248FC7D900202CEF /* SceneDelegate.swift in Sources */,
				2C4D4D0324A2F73300C031B9 /* bookMenuViewController.swift in Sources */,
				2CE04E4024A223C700123629 /* addBooksViewController.swift in Sources */,
			);
			runOnlyForDeploymentPostprocessing = 0;
		};
/* End PBXSourcesBuildPhase section */

/* Begin PBXVariantGroup section */
		5C3E6905248FC7D900202CEF /* Main.storyboard */ = {
			isa = PBXVariantGroup;
			children = (
				5C3E6906248FC7D900202CEF /* Base */,
			);
			name = Main.storyboard;
			sourceTree = "<group>";
		};
		5C3E690A248FC7FB00202CEF /* LaunchScreen.storyboard */ = {
			isa = PBXVariantGroup;
			children = (
				5C3E690B248FC7FB00202CEF /* Base */,
			);
			name = LaunchScreen.storyboard;
			sourceTree = "<group>";
		};
/* End PBXVariantGroup section */

/* Begin XCBuildConfiguration section */
		5C3E690E248FC7FB00202CEF /* Debug */ = {
			isa = XCBuildConfiguration;
			buildSettings = {
				ALWAYS_SEARCH_USER_PATHS = NO;
				CLANG_ANALYZER_NONNULL = YES;
				CLANG_ANALYZER_NUMBER_OBJECT_CONVERSION = YES_AGGRESSIVE;
				CLANG_CXX_LANGUAGE_STANDARD = "gnu++14";
				CLANG_CXX_LIBRARY = "libc++";
				CLANG_ENABLE_MODULES = YES;
				CLANG_ENABLE_OBJC_ARC = YES;
				CLANG_ENABLE_OBJC_WEAK = YES;
				CLANG_WARN_BLOCK_CAPTURE_AUTORELEASING = YES;
				CLANG_WARN_BOOL_CONVERSION = YES;
				CLANG_WARN_COMMA = YES;
				CLANG_WARN_CONSTANT_CONVERSION = YES;
				CLANG_WARN_DEPRECATED_OBJC_IMPLEMENTATIONS = YES;
				CLANG_WARN_DIRECT_OBJC_ISA_USAGE = YES_ERROR;
				CLANG_WARN_DOCUMENTATION_COMMENTS = YES;
				CLANG_WARN_EMPTY_BODY = YES;
				CLANG_WARN_ENUM_CONVERSION = YES;
				CLANG_WARN_INFINITE_RECURSION = YES;
				CLANG_WARN_INT_CONVERSION = YES;
				CLANG_WARN_NON_LITERAL_NULL_CONVERSION = YES;
				CLANG_WARN_OBJC_IMPLICIT_RETAIN_SELF = YES;
				CLANG_WARN_OBJC_LITERAL_CONVERSION = YES;
				CLANG_WARN_OBJC_ROOT_CLASS = YES_ERROR;
				CLANG_WARN_RANGE_LOOP_ANALYSIS = YES;
				CLANG_WARN_STRICT_PROTOTYPES = YES;
				CLANG_WARN_SUSPICIOUS_MOVE = YES;
				CLANG_WARN_UNGUARDED_AVAILABILITY = YES_AGGRESSIVE;
				CLANG_WARN_UNREACHABLE_CODE = YES;
				CLANG_WARN__DUPLICATE_METHOD_MATCH = YES;
				COPY_PHASE_STRIP = NO;
				DEBUG_INFORMATION_FORMAT = dwarf;
				ENABLE_STRICT_OBJC_MSGSEND = YES;
				ENABLE_TESTABILITY = YES;
				GCC_C_LANGUAGE_STANDARD = gnu11;
				GCC_DYNAMIC_NO_PIC = NO;
				GCC_NO_COMMON_BLOCKS = YES;
				GCC_OPTIMIZATION_LEVEL = 0;
				GCC_PREPROCESSOR_DEFINITIONS = (
					"DEBUG=1",
					"$(inherited)",
				);
				GCC_WARN_64_TO_32_BIT_CONVERSION = YES;
				GCC_WARN_ABOUT_RETURN_TYPE = YES_ERROR;
				GCC_WARN_UNDECLARED_SELECTOR = YES;
				GCC_WARN_UNINITIALIZED_AUTOS = YES_AGGRESSIVE;
				GCC_WARN_UNUSED_FUNCTION = YES;
				GCC_WARN_UNUSED_VARIABLE = YES;
				IPHONEOS_DEPLOYMENT_TARGET = 13.4;
				MTL_ENABLE_DEBUG_INFO = INCLUDE_SOURCE;
				MTL_FAST_MATH = YES;
				ONLY_ACTIVE_ARCH = YES;
				SDKROOT = iphoneos;
				SWIFT_ACTIVE_COMPILATION_CONDITIONS = DEBUG;
				SWIFT_OPTIMIZATION_LEVEL = "-Onone";
			};
			name = Debug;
		};
		5C3E690F248FC7FB00202CEF /* Release */ = {
			isa = XCBuildConfiguration;
			buildSettings = {
				ALWAYS_SEARCH_USER_PATHS = NO;
				CLANG_ANALYZER_NONNULL = YES;
				CLANG_ANALYZER_NUMBER_OBJECT_CONVERSION = YES_AGGRESSIVE;
				CLANG_CXX_LANGUAGE_STANDARD = "gnu++14";
				CLANG_CXX_LIBRARY = "libc++";
				CLANG_ENABLE_MODULES = YES;
				CLANG_ENABLE_OBJC_ARC = YES;
				CLANG_ENABLE_OBJC_WEAK = YES;
				CLANG_WARN_BLOCK_CAPTURE_AUTORELEASING = YES;
				CLANG_WARN_BOOL_CONVERSION = YES;
				CLANG_WARN_COMMA = YES;
				CLANG_WARN_CONSTANT_CONVERSION = YES;
				CLANG_WARN_DEPRECATED_OBJC_IMPLEMENTATIONS = YES;
				CLANG_WARN_DIRECT_OBJC_ISA_USAGE = YES_ERROR;
				CLANG_WARN_DOCUMENTATION_COMMENTS = YES;
				CLANG_WARN_EMPTY_BODY = YES;
				CLANG_WARN_ENUM_CONVERSION = YES;
				CLANG_WARN_INFINITE_RECURSION = YES;
				CLANG_WARN_INT_CONVERSION = YES;
				CLANG_WARN_NON_LITERAL_NULL_CONVERSION = YES;
				CLANG_WARN_OBJC_IMPLICIT_RETAIN_SELF = YES;
				CLANG_WARN_OBJC_LITERAL_CONVERSION = YES;
				CLANG_WARN_OBJC_ROOT_CLASS = YES_ERROR;
				CLANG_WARN_RANGE_LOOP_ANALYSIS = YES;
				CLANG_WARN_STRICT_PROTOTYPES = YES;
				CLANG_WARN_SUSPICIOUS_MOVE = YES;
				CLANG_WARN_UNGUARDED_AVAILABILITY = YES_AGGRESSIVE;
				CLANG_WARN_UNREACHABLE_CODE = YES;
				CLANG_WARN__DUPLICATE_METHOD_MATCH = YES;
				COPY_PHASE_STRIP = NO;
				DEBUG_INFORMATION_FORMAT = "dwarf-with-dsym";
				ENABLE_NS_ASSERTIONS = NO;
				ENABLE_STRICT_OBJC_MSGSEND = YES;
				GCC_C_LANGUAGE_STANDARD = gnu11;
				GCC_NO_COMMON_BLOCKS = YES;
				GCC_WARN_64_TO_32_BIT_CONVERSION = YES;
				GCC_WARN_ABOUT_RETURN_TYPE = YES_ERROR;
				GCC_WARN_UNDECLARED_SELECTOR = YES;
				GCC_WARN_UNINITIALIZED_AUTOS = YES_AGGRESSIVE;
				GCC_WARN_UNUSED_FUNCTION = YES;
				GCC_WARN_UNUSED_VARIABLE = YES;
				IPHONEOS_DEPLOYMENT_TARGET = 13.4;
				MTL_ENABLE_DEBUG_INFO = NO;
				MTL_FAST_MATH = YES;
				SDKROOT = iphoneos;
				SWIFT_COMPILATION_MODE = wholemodule;
				SWIFT_OPTIMIZATION_LEVEL = "-O";
				VALIDATE_PRODUCT = YES;
			};
			name = Release;
		};
		5C3E6911248FC7FB00202CEF /* Debug */ = {
			isa = XCBuildConfiguration;
			baseConfigurationReference = BF797A93798CA147B82445E8 /* Pods-libraryManagement.debug.xcconfig */;
			buildSettings = {
				ASSETCATALOG_COMPILER_APPICON_NAME = AppIcon;
				CODE_SIGN_STYLE = Automatic;
				INFOPLIST_FILE = libraryManagement/Info.plist;
				LD_RUNPATH_SEARCH_PATHS = (
					"$(inherited)",
					"@executable_path/Frameworks",
				);
				PRODUCT_BUNDLE_IDENTIFIER = HD.libraryManagement;
				PRODUCT_NAME = "$(TARGET_NAME)";
				SWIFT_VERSION = 5.0;
				TARGETED_DEVICE_FAMILY = "1,2";
			};
			name = Debug;
		};
		5C3E6912248FC7FB00202CEF /* Release */ = {
			isa = XCBuildConfiguration;
			baseConfigurationReference = 13C6C4CE323954601BA6C248 /* Pods-libraryManagement.release.xcconfig */;
			buildSettings = {
				ASSETCATALOG_COMPILER_APPICON_NAME = AppIcon;
				CODE_SIGN_STYLE = Automatic;
				INFOPLIST_FILE = libraryManagement/Info.plist;
				LD_RUNPATH_SEARCH_PATHS = (
					"$(inherited)",
					"@executable_path/Frameworks",
				);
				PRODUCT_BUNDLE_IDENTIFIER = HD.libraryManagement;
				PRODUCT_NAME = "$(TARGET_NAME)";
				SWIFT_VERSION = 5.0;
				TARGETED_DEVICE_FAMILY = "1,2";
			};
			name = Release;
		};
/* End XCBuildConfiguration section */

/* Begin XCConfigurationList section */
		5C3E68F7248FC7D900202CEF /* Build configuration list for PBXProject "libraryManagement" */ = {
			isa = XCConfigurationList;
			buildConfigurations = (
				5C3E690E248FC7FB00202CEF /* Debug */,
				5C3E690F248FC7FB00202CEF /* Release */,
			);
			defaultConfigurationIsVisible = 0;
			defaultConfigurationName = Release;
		};
		5C3E6910248FC7FB00202CEF /* Build configuration list for PBXNativeTarget "libraryManagement" */ = {
			isa = XCConfigurationList;
			buildConfigurations = (
				5C3E6911248FC7FB00202CEF /* Debug */,
				5C3E6912248FC7FB00202CEF /* Release */,
			);
			defaultConfigurationIsVisible = 0;
			defaultConfigurationName = Release;
		};
/* End XCConfigurationList section */
	};
	rootObject = 5C3E68F4248FC7D900202CEF /* Project object */;
}
